// !$*UTF8*$!
{
	archiveVersion = 1;
	classes = {
	};
	objectVersion = 56;
	objects = {

/* Begin PBXBuildFile section */
		8BAE81F32C2AEFC800732935 /* SoodoListApp.swift in Sources */ = {isa = PBXBuildFile; fileRef = 8BAE81F22C2AEFC800732935 /* SoodoListApp.swift */; };
		8BAE81F52C2AEFC800732935 /* ContentView.swift in Sources */ = {isa = PBXBuildFile; fileRef = 8BAE81F42C2AEFC800732935 /* ContentView.swift */; };
		8BAE81F72C2AEFCA00732935 /* Assets.xcassets in Resources */ = {isa = PBXBuildFile; fileRef = 8BAE81F62C2AEFCA00732935 /* Assets.xcassets */; };
		8BAE81FA2C2AEFCA00732935 /* Preview Assets.xcassets in Resources */ = {isa = PBXBuildFile; fileRef = 8BAE81F92C2AEFCA00732935 /* Preview Assets.xcassets */; };
		8BAE82042C2AEFCA00732935 /* SoodoListTests.swift in Sources */ = {isa = PBXBuildFile; fileRef = 8BAE82032C2AEFCA00732935 /* SoodoListTests.swift */; };
		8BAE820E2C2AEFCA00732935 /* SoodoListUITests.swift in Sources */ = {isa = PBXBuildFile; fileRef = 8BAE820D2C2AEFCA00732935 /* SoodoListUITests.swift */; };
		8BAE82102C2AEFCA00732935 /* SoodoListUITestsLaunchTests.swift in Sources */ = {isa = PBXBuildFile; fileRef = 8BAE820F2C2AEFCA00732935 /* SoodoListUITestsLaunchTests.swift */; };
/* End PBXBuildFile section */

/* Begin PBXContainerItemProxy section */
		8BAE82002C2AEFCA00732935 /* PBXContainerItemProxy */ = {
			isa = PBXContainerItemProxy;
			containerPortal = 8BAE81E72C2AEFC800732935 /* Project object */;
			proxyType = 1;
			remoteGlobalIDString = 8BAE81EE2C2AEFC800732935;
			remoteInfo = SoodoList;
		};
		8BAE820A2C2AEFCA00732935 /* PBXContainerItemProxy */ = {
			isa = PBXContainerItemProxy;
			containerPortal = 8BAE81E72C2AEFC800732935 /* Project object */;
			proxyType = 1;
			remoteGlobalIDString = 8BAE81EE2C2AEFC800732935;
			remoteInfo = SoodoList;
		};
/* End PBXContainerItemProxy section */

/* Begin PBXFileReference section */
		8BAE81EF2C2AEFC800732935 /* SoodoList.app */ = {isa = PBXFileReference; explicitFileType = wrapper.application; includeInIndex = 0; path = SoodoList.app; sourceTree = BUILT_PRODUCTS_DIR; };
		8BAE81F22C2AEFC800732935 /* SoodoListApp.swift */ = {isa = PBXFileReference; lastKnownFileType = sourcecode.swift; path = SoodoListApp.swift; sourceTree = "<group>"; };
		8BAE81F42C2AEFC800732935 /* ContentView.swift */ = {isa = PBXFileReference; lastKnownFileType = sourcecode.swift; path = ContentView.swift; sourceTree = "<group>"; };
		8BAE81F62C2AEFCA00732935 /* Assets.xcassets */ = {isa = PBXFileReference; lastKnownFileType = folder.assetcatalog; path = Assets.xcassets; sourceTree = "<group>"; };
		8BAE81F92C2AEFCA00732935 /* Preview Assets.xcassets */ = {isa = PBXFileReference; lastKnownFileType = folder.assetcatalog; path = "Preview Assets.xcassets"; sourceTree = "<group>"; };
		8BAE81FF2C2AEFCA00732935 /* SoodoListTests.xctest */ = {isa = PBXFileReference; explicitFileType = wrapper.cfbundle; includeInIndex = 0; path = SoodoListTests.xctest; sourceTree = BUILT_PRODUCTS_DIR; };
		8BAE82032C2AEFCA00732935 /* SoodoListTests.swift */ = {isa = PBXFileReference; lastKnownFileType = sourcecode.swift; path = SoodoListTests.swift; sourceTree = "<group>"; };
		8BAE82092C2AEFCA00732935 /* SoodoListUITests.xctest */ = {isa = PBXFileReference; explicitFileType = wrapper.cfbundle; includeInIndex = 0; path = SoodoListUITests.xctest; sourceTree = BUILT_PRODUCTS_DIR; };
		8BAE820D2C2AEFCA00732935 /* SoodoListUITests.swift */ = {isa = PBXFileReference; lastKnownFileType = sourcecode.swift; path = SoodoListUITests.swift; sourceTree = "<group>"; };
		8BAE820F2C2AEFCA00732935 /* SoodoListUITestsLaunchTests.swift */ = {isa = PBXFileReference; lastKnownFileType = sourcecode.swift; path = SoodoListUITestsLaunchTests.swift; sourceTree = "<group>"; };
/* End PBXFileReference section */

/* Begin PBXFrameworksBuildPhase section */
		8BAE81EC2C2AEFC800732935 /* Frameworks */ = {
			isa = PBXFrameworksBuildPhase;
			buildActionMask = 2147483647;
			files = (
			);
			runOnlyForDeploymentPostprocessing = 0;
		};
		8BAE81FC2C2AEFCA00732935 /* Frameworks */ = {
			isa = PBXFrameworksBuildPhase;
			buildActionMask = 2147483647;
			files = (
			);
			runOnlyForDeploymentPostprocessing = 0;
		};
		8BAE82062C2AEFCA00732935 /* Frameworks */ = {
			isa = PBXFrameworksBuildPhase;
			buildActionMask = 2147483647;
			files = (
			);
			runOnlyForDeploymentPostprocessing = 0;
		};
/* End PBXFrameworksBuildPhase section */

/* Begin PBXGroup section */
		8BAE81E62C2AEFC800732935 = {
			isa = PBXGroup;
			children = (
				8BAE81F12C2AEFC800732935 /* SoodoList */,
				8BAE82022C2AEFCA00732935 /* SoodoListTests */,
				8BAE820C2C2AEFCA00732935 /* SoodoListUITests */,
				8BAE81F02C2AEFC800732935 /* Products */,
			);
			sourceTree = "<group>";
		};
		8BAE81F02C2AEFC800732935 /* Products */ = {
			isa = PBXGroup;
			children = (
				8BAE81EF2C2AEFC800732935 /* SoodoList.app */,
				8BAE81FF2C2AEFCA00732935 /* SoodoListTests.xctest */,
				8BAE82092C2AEFCA00732935 /* SoodoListUITests.xctest */,
			);
			name = Products;
			sourceTree = "<group>";
		};
		8BAE81F12C2AEFC800732935 /* SoodoList */ = {
			isa = PBXGroup;
			children = (
				8BAE81F22C2AEFC800732935 /* SoodoListApp.swift */,
				8BAE81F42C2AEFC800732935 /* ContentView.swift */,
				8BAE81F62C2AEFCA00732935 /* Assets.xcassets */,
				8BAE81F82C2AEFCA00732935 /* Preview Content */,
			);
			path = SoodoList;
			sourceTree = "<group>";
		};
		8BAE81F82C2AEFCA00732935 /* Preview Content */ = {
			isa = PBXGroup;
			children = (
				8BAE81F92C2AEFCA00732935 /* Preview Assets.xcassets */,
			);
			path = "Preview Content";
			sourceTree = "<group>";
		};
		8BAE82022C2AEFCA00732935 /* SoodoListTests */ = {
			isa = PBXGroup;
			children = (
				8BAE82032C2AEFCA00732935 /* SoodoListTests.swift */,
			);
			path = SoodoListTests;
			sourceTree = "<group>";
		};
		8BAE820C2C2AEFCA00732935 /* SoodoListUITests */ = {
			isa = PBXGroup;
			children = (
				8BAE820D2C2AEFCA00732935 /* SoodoListUITests.swift */,
				8BAE820F2C2AEFCA00732935 /* SoodoListUITestsLaunchTests.swift */,
			);
			path = SoodoListUITests;
			sourceTree = "<group>";
		};
/* End PBXGroup section */

/* Begin PBXNativeTarget section */
		8BAE81EE2C2AEFC800732935 /* SoodoList */ = {
			isa = PBXNativeTarget;
			buildConfigurationList = 8BAE82132C2AEFCA00732935 /* Build configuration list for PBXNativeTarget "SoodoList" */;
			buildPhases = (
				8BAE81EB2C2AEFC800732935 /* Sources */,
				8BAE81EC2C2AEFC800732935 /* Frameworks */,
				8BAE81ED2C2AEFC800732935 /* Resources */,
			);
			buildRules = (
			);
			dependencies = (
			);
			name = SoodoList;
			productName = SoodoList;
			productReference = 8BAE81EF2C2AEFC800732935 /* SoodoList.app */;
			productType = "com.apple.product-type.application";
		};
		8BAE81FE2C2AEFCA00732935 /* SoodoListTests */ = {
			isa = PBXNativeTarget;
			buildConfigurationList = 8BAE82162C2AEFCA00732935 /* Build configuration list for PBXNativeTarget "SoodoListTests" */;
			buildPhases = (
				8BAE81FB2C2AEFCA00732935 /* Sources */,
				8BAE81FC2C2AEFCA00732935 /* Frameworks */,
				8BAE81FD2C2AEFCA00732935 /* Resources */,
			);
			buildRules = (
			);
			dependencies = (
				8BAE82012C2AEFCA00732935 /* PBXTargetDependency */,
			);
			name = SoodoListTests;
			productName = SoodoListTests;
			productReference = 8BAE81FF2C2AEFCA00732935 /* SoodoListTests.xctest */;
			productType = "com.apple.product-type.bundle.unit-test";
		};
		8BAE82082C2AEFCA00732935 /* SoodoListUITests */ = {
			isa = PBXNativeTarget;
			buildConfigurationList = 8BAE82192C2AEFCA00732935 /* Build configuration list for PBXNativeTarget "SoodoListUITests" */;
			buildPhases = (
				8BAE82052C2AEFCA00732935 /* Sources */,
				8BAE82062C2AEFCA00732935 /* Frameworks */,
				8BAE82072C2AEFCA00732935 /* Resources */,
			);
			buildRules = (
			);
			dependencies = (
				8BAE820B2C2AEFCA00732935 /* PBXTargetDependency */,
			);
			name = SoodoListUITests;
			productName = SoodoListUITests;
			productReference = 8BAE82092C2AEFCA00732935 /* SoodoListUITests.xctest */;
			productType = "com.apple.product-type.bundle.ui-testing";
		};
/* End PBXNativeTarget section */

/* Begin PBXProject section */
		8BAE81E72C2AEFC800732935 /* Project object */ = {
			isa = PBXProject;
			attributes = {
				BuildIndependentTargetsInParallel = 1;
				LastSwiftUpdateCheck = 1520;
				LastUpgradeCheck = 1520;
				TargetAttributes = {
					8BAE81EE2C2AEFC800732935 = {
						CreatedOnToolsVersion = 15.2;
					};
					8BAE81FE2C2AEFCA00732935 = {
						CreatedOnToolsVersion = 15.2;
						TestTargetID = 8BAE81EE2C2AEFC800732935;
					};
					8BAE82082C2AEFCA00732935 = {
						CreatedOnToolsVersion = 15.2;
						TestTargetID = 8BAE81EE2C2AEFC800732935;
					};
				};
			};
			buildConfigurationList = 8BAE81EA2C2AEFC800732935 /* Build configuration list for PBXProject "SoodoList" */;
			compatibilityVersion = "Xcode 14.0";
			developmentRegion = en;
			hasScannedForEncodings = 0;
			knownRegions = (
				en,
				Base,
			);
			mainGroup = 8BAE81E62C2AEFC800732935;
			productRefGroup = 8BAE81F02C2AEFC800732935 /* Products */;
			projectDirPath = "";
			projectRoot = "";
			targets = (
				8BAE81EE2C2AEFC800732935 /* SoodoList */,
				8BAE81FE2C2AEFCA00732935 /* SoodoListTests */,
				8BAE82082C2AEFCA00732935 /* SoodoListUITests */,
			);
		};
/* End PBXProject section */

/* Begin PBXResourcesBuildPhase section */
		8BAE81ED2C2AEFC800732935 /* Resources */ = {
			isa = PBXResourcesBuildPhase;
			buildActionMask = 2147483647;
			files = (
				8BAE81FA2C2AEFCA00732935 /* Preview Assets.xcassets in Resources */,
				8BAE81F72C2AEFCA00732935 /* Assets.xcassets in Resources */,
			);
			runOnlyForDeploymentPostprocessing = 0;
		};
		8BAE81FD2C2AEFCA00732935 /* Resources */ = {
			isa = PBXResourcesBuildPhase;
			buildActionMask = 2147483647;
			files = (
			);
			runOnlyForDeploymentPostprocessing = 0;
		};
		8BAE82072C2AEFCA00732935 /* Resources */ = {
			isa = PBXResourcesBuildPhase;
			buildActionMask = 2147483647;
			files = (
			);
			runOnlyForDeploymentPostprocessing = 0;
		};
/* End PBXResourcesBuildPhase section */

/* Begin PBXSourcesBuildPhase section */
		8BAE81EB2C2AEFC800732935 /* Sources */ = {
			isa = PBXSourcesBuildPhase;
			buildActionMask = 2147483647;
			files = (
				8BAE81F52C2AEFC800732935 /* ContentView.swift in Sources */,
				8BAE81F32C2AEFC800732935 /* SoodoListApp.swift in Sources */,
			);
			runOnlyForDeploymentPostprocessing = 0;
		};
		8BAE81FB2C2AEFCA00732935 /* Sources */ = {
			isa = PBXSourcesBuildPhase;
			buildActionMask = 2147483647;
			files = (
				8BAE82042C2AEFCA00732935 /* SoodoListTests.swift in Sources */,
			);
			runOnlyForDeploymentPostprocessing = 0;
		};
		8BAE82052C2AEFCA00732935 /* Sources */ = {
			isa = PBXSourcesBuildPhase;
			buildActionMask = 2147483647;
			files = (
				8BAE820E2C2AEFCA00732935 /* SoodoListUITests.swift in Sources */,
				8BAE82102C2AEFCA00732935 /* SoodoListUITestsLaunchTests.swift in Sources */,
			);
			runOnlyForDeploymentPostprocessing = 0;
		};
/* End PBXSourcesBuildPhase section */

/* Begin PBXTargetDependency section */
		8BAE82012C2AEFCA00732935 /* PBXTargetDependency */ = {
			isa = PBXTargetDependency;
			target = 8BAE81EE2C2AEFC800732935 /* SoodoList */;
			targetProxy = 8BAE82002C2AEFCA00732935 /* PBXContainerItemProxy */;
		};
		8BAE820B2C2AEFCA00732935 /* PBXTargetDependency */ = {
			isa = PBXTargetDependency;
			target = 8BAE81EE2C2AEFC800732935 /* SoodoList */;
			targetProxy = 8BAE820A2C2AEFCA00732935 /* PBXContainerItemProxy */;
		};
/* End PBXTargetDependency section */

/* Begin XCBuildConfiguration section */
		8BAE82112C2AEFCA00732935 /* Debug */ = {
			isa = XCBuildConfiguration;
			buildSettings = {
				ALWAYS_SEARCH_USER_PATHS = NO;
				ASSETCATALOG_COMPILER_GENERATE_SWIFT_ASSET_SYMBOL_EXTENSIONS = YES;
				CLANG_ANALYZER_NONNULL = YES;
				CLANG_ANALYZER_NUMBER_OBJECT_CONVERSION = YES_AGGRESSIVE;
				CLANG_CXX_LANGUAGE_STANDARD = "gnu++20";
				CLANG_ENABLE_MODULES = YES;
				CLANG_ENABLE_OBJC_ARC = YES;
				CLANG_ENABLE_OBJC_WEAK = YES;
				CLANG_WARN_BLOCK_CAPTURE_AUTORELEASING = YES;
				CLANG_WARN_BOOL_CONVERSION = YES;
				CLANG_WARN_COMMA = YES;
				CLANG_WARN_CONSTANT_CONVERSION = YES;
				CLANG_WARN_DEPRECATED_OBJC_IMPLEMENTATIONS = YES;
				CLANG_WARN_DIRECT_OBJC_ISA_USAGE = YES_ERROR;
				CLANG_WARN_DOCUMENTATION_COMMENTS = YES;
				CLANG_WARN_EMPTY_BODY = YES;
				CLANG_WARN_ENUM_CONVERSION = YES;
				CLANG_WARN_INFINITE_RECURSION = YES;
				CLANG_WARN_INT_CONVERSION = YES;
				CLANG_WARN_NON_LITERAL_NULL_CONVERSION = YES;
				CLANG_WARN_OBJC_IMPLICIT_RETAIN_SELF = YES;
				CLANG_WARN_OBJC_LITERAL_CONVERSION = YES;
				CLANG_WARN_OBJC_ROOT_CLASS = YES_ERROR;
				CLANG_WARN_QUOTED_INCLUDE_IN_FRAMEWORK_HEADER = YES;
				CLANG_WARN_RANGE_LOOP_ANALYSIS = YES;
				CLANG_WARN_STRICT_PROTOTYPES = YES;
				CLANG_WARN_SUSPICIOUS_MOVE = YES;
				CLANG_WARN_UNGUARDED_AVAILABILITY = YES_AGGRESSIVE;
				CLANG_WARN_UNREACHABLE_CODE = YES;
				CLANG_WARN__DUPLICATE_METHOD_MATCH = YES;
				COPY_PHASE_STRIP = NO;
				DEBUG_INFORMATION_FORMAT = dwarf;
				ENABLE_STRICT_OBJC_MSGSEND = YES;
				ENABLE_TESTABILITY = YES;
				ENABLE_USER_SCRIPT_SANDBOXING = YES;
				GCC_C_LANGUAGE_STANDARD = gnu17;
				GCC_DYNAMIC_NO_PIC = NO;
				GCC_NO_COMMON_BLOCKS = YES;
				GCC_OPTIMIZATION_LEVEL = 0;
				GCC_PREPROCESSOR_DEFINITIONS = (
					"DEBUG=1",
					"$(inherited)",
				);
				GCC_WARN_64_TO_32_BIT_CONVERSION = YES;
				GCC_WARN_ABOUT_RETURN_TYPE = YES_ERROR;
				GCC_WARN_UNDECLARED_SELECTOR = YES;
				GCC_WARN_UNINITIALIZED_AUTOS = YES_AGGRESSIVE;
				GCC_WARN_UNUSED_FUNCTION = YES;
				GCC_WARN_UNUSED_VARIABLE = YES;
				IPHONEOS_DEPLOYMENT_TARGET = 17.2;
				LOCALIZATION_PREFERS_STRING_CATALOGS = YES;
				MTL_ENABLE_DEBUG_INFO = INCLUDE_SOURCE;
				MTL_FAST_MATH = YES;
				ONLY_ACTIVE_ARCH = YES;
				SDKROOT = iphoneos;
				SWIFT_ACTIVE_COMPILATION_CONDITIONS = "DEBUG $(inherited)";
				SWIFT_OPTIMIZATION_LEVEL = "-Onone";
			};
			name = Debug;
		};
		8BAE82122C2AEFCA00732935 /* Release */ = {
			isa = XCBuildConfiguration;
			buildSettings = {
				ALWAYS_SEARCH_USER_PATHS = NO;
				ASSETCATALOG_COMPILER_GENERATE_SWIFT_ASSET_SYMBOL_EXTENSIONS = YES;
				CLANG_ANALYZER_NONNULL = YES;
				CLANG_ANALYZER_NUMBER_OBJECT_CONVERSION = YES_AGGRESSIVE;
				CLANG_CXX_LANGUAGE_STANDARD = "gnu++20";
				CLANG_ENABLE_MODULES = YES;
				CLANG_ENABLE_OBJC_ARC = YES;
				CLANG_ENABLE_OBJC_WEAK = YES;
				CLANG_WARN_BLOCK_CAPTURE_AUTORELEASING = YES;
				CLANG_WARN_BOOL_CONVERSION = YES;
				CLANG_WARN_COMMA = YES;
				CLANG_WARN_CONSTANT_CONVERSION = YES;
				CLANG_WARN_DEPRECATED_OBJC_IMPLEMENTATIONS = YES;
				CLANG_WARN_DIRECT_OBJC_ISA_USAGE = YES_ERROR;
				CLANG_WARN_DOCUMENTATION_COMMENTS = YES;
				CLANG_WARN_EMPTY_BODY = YES;
				CLANG_WARN_ENUM_CONVERSION = YES;
				CLANG_WARN_INFINITE_RECURSION = YES;
				CLANG_WARN_INT_CONVERSION = YES;
				CLANG_WARN_NON_LITERAL_NULL_CONVERSION = YES;
				CLANG_WARN_OBJC_IMPLICIT_RETAIN_SELF = YES;
				CLANG_WARN_OBJC_LITERAL_CONVERSION = YES;
				CLANG_WARN_OBJC_ROOT_CLASS = YES_ERROR;
				CLANG_WARN_QUOTED_INCLUDE_IN_FRAMEWORK_HEADER = YES;
				CLANG_WARN_RANGE_LOOP_ANALYSIS = YES;
				CLANG_WARN_STRICT_PROTOTYPES = YES;
				CLANG_WARN_SUSPICIOUS_MOVE = YES;
				CLANG_WARN_UNGUARDED_AVAILABILITY = YES_AGGRESSIVE;
				CLANG_WARN_UNREACHABLE_CODE = YES;
				CLANG_WARN__DUPLICATE_METHOD_MATCH = YES;
				COPY_PHASE_STRIP = NO;
				DEBUG_INFORMATION_FORMAT = "dwarf-with-dsym";
				ENABLE_NS_ASSERTIONS = NO;
				ENABLE_STRICT_OBJC_MSGSEND = YES;
				ENABLE_USER_SCRIPT_SANDBOXING = YES;
				GCC_C_LANGUAGE_STANDARD = gnu17;
				GCC_NO_COMMON_BLOCKS = YES;
				GCC_WARN_64_TO_32_BIT_CONVERSION = YES;
				GCC_WARN_ABOUT_RETURN_TYPE = YES_ERROR;
				GCC_WARN_UNDECLARED_SELECTOR = YES;
				GCC_WARN_UNINITIALIZED_AUTOS = YES_AGGRESSIVE;
				GCC_WARN_UNUSED_FUNCTION = YES;
				GCC_WARN_UNUSED_VARIABLE = YES;
				IPHONEOS_DEPLOYMENT_TARGET = 17.2;
				LOCALIZATION_PREFERS_STRING_CATALOGS = YES;
				MTL_ENABLE_DEBUG_INFO = NO;
				MTL_FAST_MATH = YES;
				SDKROOT = iphoneos;
				SWIFT_COMPILATION_MODE = wholemodule;
				VALIDATE_PRODUCT = YES;
			};
			name = Release;
		};
		8BAE82142C2AEFCA00732935 /* Debug */ = {
			isa = XCBuildConfiguration;
			buildSettings = {
				ASSETCATALOG_COMPILER_APPICON_NAME = AppIcon;
				ASSETCATALOG_COMPILER_GLOBAL_ACCENT_COLOR_NAME = AccentColor;
				CODE_SIGN_STYLE = Automatic;
				CURRENT_PROJECT_VERSION = 1;
				DEVELOPMENT_ASSET_PATHS = "\"SoodoList/Preview Content\"";
				ENABLE_PREVIEWS = YES;
				GENERATE_INFOPLIST_FILE = YES;
				INFOPLIST_KEY_UIApplicationSceneManifest_Generation = YES;
				INFOPLIST_KEY_UIApplicationSupportsIndirectInputEvents = YES;
				INFOPLIST_KEY_UILaunchScreen_Generation = YES;
				INFOPLIST_KEY_UISupportedInterfaceOrientations_iPad = "UIInterfaceOrientationPortrait UIInterfaceOrientationPortraitUpsideDown UIInterfaceOrientationLandscapeLeft UIInterfaceOrientationLandscapeRight";
				INFOPLIST_KEY_UISupportedInterfaceOrientations_iPhone = "UIInterfaceOrientationPortrait UIInterfaceOrientationLandscapeLeft UIInterfaceOrientationLandscapeRight";
				LD_RUNPATH_SEARCH_PATHS = (
					"$(inherited)",
					"@executable_path/Frameworks",
				);
				MARKETING_VERSION = 1.0;
				PRODUCT_BUNDLE_IDENTIFIER = education.techit.SoodoList;
				PRODUCT_NAME = "$(TARGET_NAME)";
				SWIFT_EMIT_LOC_STRINGS = YES;
				SWIFT_VERSION = 5.0;
				TARGETED_DEVICE_FAMILY = "1,2";
			};
			name = Debug;
		};
		8BAE82152C2AEFCA00732935 /* Release */ = {
			isa = XCBuildConfiguration;
			buildSettings = {
				ASSETCATALOG_COMPILER_APPICON_NAME = AppIcon;
				ASSETCATALOG_COMPILER_GLOBAL_ACCENT_COLOR_NAME = AccentColor;
				CODE_SIGN_STYLE = Automatic;
				CURRENT_PROJECT_VERSION = 1;
				DEVELOPMENT_ASSET_PATHS = "\"SoodoList/Preview Content\"";
				ENABLE_PREVIEWS = YES;
				GENERATE_INFOPLIST_FILE = YES;
				INFOPLIST_KEY_UIApplicationSceneManifest_Generation = YES;
				INFOPLIST_KEY_UIApplicationSupportsIndirectInputEvents = YES;
				INFOPLIST_KEY_UILaunchScreen_Generation = YES;
				INFOPLIST_KEY_UISupportedInterfaceOrientations_iPad = "UIInterfaceOrientationPortrait UIInterfaceOrientationPortraitUpsideDown UIInterfaceOrientationLandscapeLeft UIInterfaceOrientationLandscapeRight";
				INFOPLIST_KEY_UISupportedInterfaceOrientations_iPhone = "UIInterfaceOrientationPortrait UIInterfaceOrientationLandscapeLeft UIInterfaceOrientationLandscapeRight";
				LD_RUNPATH_SEARCH_PATHS = (
					"$(inherited)",
					"@executable_path/Frameworks",
				);
				MARKETING_VERSION = 1.0;
				PRODUCT_BUNDLE_IDENTIFIER = education.techit.SoodoList;
				PRODUCT_NAME = "$(TARGET_NAME)";
				SWIFT_EMIT_LOC_STRINGS = YES;
				SWIFT_VERSION = 5.0;
				TARGETED_DEVICE_FAMILY = "1,2";
			};
			name = Release;
		};
		8BAE82172C2AEFCA00732935 /* Debug */ = {
			isa = XCBuildConfiguration;
			buildSettings = {
				ALWAYS_EMBED_SWIFT_STANDARD_LIBRARIES = YES;
				BUNDLE_LOADER = "$(TEST_HOST)";
				CODE_SIGN_STYLE = Automatic;
				CURRENT_PROJECT_VERSION = 1;
				GENERATE_INFOPLIST_FILE = YES;
				IPHONEOS_DEPLOYMENT_TARGET = 17.2;
				MARKETING_VERSION = 1.0;
				PRODUCT_BUNDLE_IDENTIFIER = education.techit.SoodoListTests;
				PRODUCT_NAME = "$(TARGET_NAME)";
				SWIFT_EMIT_LOC_STRINGS = NO;
				SWIFT_VERSION = 5.0;
				TARGETED_DEVICE_FAMILY = "1,2";
				TEST_HOST = "$(BUILT_PRODUCTS_DIR)/SoodoList.app/$(BUNDLE_EXECUTABLE_FOLDER_PATH)/SoodoList";
			};
			name = Debug;
		};
		8BAE82182C2AEFCA00732935 /* Release */ = {
			isa = XCBuildConfiguration;
			buildSettings = {
				ALWAYS_EMBED_SWIFT_STANDARD_LIBRARIES = YES;
				BUNDLE_LOADER = "$(TEST_HOST)";
				CODE_SIGN_STYLE = Automatic;
				CURRENT_PROJECT_VERSION = 1;
				GENERATE_INFOPLIST_FILE = YES;
				IPHONEOS_DEPLOYMENT_TARGET = 17.2;
				MARKETING_VERSION = 1.0;
				PRODUCT_BUNDLE_IDENTIFIER = education.techit.SoodoListTests;
				PRODUCT_NAME = "$(TARGET_NAME)";
				SWIFT_EMIT_LOC_STRINGS = NO;
				SWIFT_VERSION = 5.0;
				TARGETED_DEVICE_FAMILY = "1,2";
				TEST_HOST = "$(BUILT_PRODUCTS_DIR)/SoodoList.app/$(BUNDLE_EXECUTABLE_FOLDER_PATH)/SoodoList";
			};
			name = Release;
		};
		8BAE821A2C2AEFCA00732935 /* Debug */ = {
			isa = XCBuildConfiguration;
			buildSettings = {
				ALWAYS_EMBED_SWIFT_STANDARD_LIBRARIES = YES;
				CODE_SIGN_STYLE = Automatic;
				CURRENT_PROJECT_VERSION = 1;
				GENERATE_INFOPLIST_FILE = YES;
				MARKETING_VERSION = 1.0;
				PRODUCT_BUNDLE_IDENTIFIER = education.techit.SoodoListUITests;
				PRODUCT_NAME = "$(TARGET_NAME)";
				SWIFT_EMIT_LOC_STRINGS = NO;
				SWIFT_VERSION = 5.0;
				TARGETED_DEVICE_FAMILY = "1,2";
				TEST_TARGET_NAME = SoodoList;
			};
			name = Debug;
		};
		8BAE821B2C2AEFCA00732935 /* Release */ = {
			isa = XCBuildConfiguration;
			buildSettings = {
				ALWAYS_EMBED_SWIFT_STANDARD_LIBRARIES = YES;
				CODE_SIGN_STYLE = Automatic;
				CURRENT_PROJECT_VERSION = 1;
				GENERATE_INFOPLIST_FILE = YES;
				MARKETING_VERSION = 1.0;
				PRODUCT_BUNDLE_IDENTIFIER = education.techit.SoodoListUITests;
				PRODUCT_NAME = "$(TARGET_NAME)";
				SWIFT_EMIT_LOC_STRINGS = NO;
				SWIFT_VERSION = 5.0;
				TARGETED_DEVICE_FAMILY = "1,2";
				TEST_TARGET_NAME = SoodoList;
			};
			name = Release;
		};
/* End XCBuildConfiguration section */

/* Begin XCConfigurationList section */
		8BAE81EA2C2AEFC800732935 /* Build configuration list for PBXProject "SoodoList" */ = {
			isa = XCConfigurationList;
			buildConfigurations = (
				8BAE82112C2AEFCA00732935 /* Debug */,
				8BAE82122C2AEFCA00732935 /* Release */,
			);
			defaultConfigurationIsVisible = 0;
			defaultConfigurationName = Release;
		};
		8BAE82132C2AEFCA00732935 /* Build configuration list for PBXNativeTarget "SoodoList" */ = {
			isa = XCConfigurationList;
			buildConfigurations = (
				8BAE82142C2AEFCA00732935 /* Debug */,
				8BAE82152C2AEFCA00732935 /* Release */,
			);
			defaultConfigurationIsVisible = 0;
			defaultConfigurationName = Release;
		};
		8BAE82162C2AEFCA00732935 /* Build configuration list for PBXNativeTarget "SoodoListTests" */ = {
			isa = XCConfigurationList;
			buildConfigurations = (
				8BAE82172C2AEFCA00732935 /* Debug */,
				8BAE82182C2AEFCA00732935 /* Release */,
			);
			defaultConfigurationIsVisible = 0;
			defaultConfigurationName = Release;
		};
		8BAE82192C2AEFCA00732935 /* Build configuration list for PBXNativeTarget "SoodoListUITests" */ = {
			isa = XCConfigurationList;
			buildConfigurations = (
				8BAE821A2C2AEFCA00732935 /* Debug */,
				8BAE821B2C2AEFCA00732935 /* Release */,
			);
			defaultConfigurationIsVisible = 0;
			defaultConfigurationName = Release;
		};
/* End XCConfigurationList section */
	};
	rootObject = 8BAE81E72C2AEFC800732935 /* Project object */;
}
